{
  "name": "engineering-flow-platform-opencode-runtime",
  "version": "0.1.0",
  "lockfileVersion": 3,
  "requires": true,
  "packages": {
    "": {
      "name": "engineering-flow-platform-opencode-runtime",
      "version": "0.1.0",
      "dependencies": {
        "opencode-ai": "1.14.39"
      }
    },
    "node_modules/opencode-ai": {
      "version": "1.14.39"
    }
  }
}
